
Microsoft Visual Studio Solution File, Format Version 12.00
# Visual Studio Version 16
VisualStudioVersion = 16.0.30907.101
MinimumVisualStudioVersion = 10.0.40219.1
Project("{FAE04EC0-301F-11D3-BF4B-00C04F79EFBC}") = "LuckyTicket", "LuckyTicket\LuckyTicket.csproj", "{7D12FCC4-B03F-4377-B1F7-4EC771010753}"
EndProject
Global
	GlobalSection(SolutionConfigurationPlatforms) = preSolution
		Debug|Any CPU = Debug|Any CPU
		Release|Any CPU = Release|Any CPU
	EndGlobalSection
	GlobalSection(ProjectConfigurationPlatforms) = postSolution
		{7D12FCC4-B03F-4377-B1F7-4EC771010753}.Debug|Any CPU.ActiveCfg = Debug|Any CPU
		{7D12FCC4-B03F-4377-B1F7-4EC771010753}.Debug|Any CPU.Build.0 = Debug|Any CPU
		{7D12FCC4-B03F-4377-B1F7-4EC771010753}.Release|Any CPU.ActiveCfg = Release|Any CPU
		{7D12FCC4-B03F-4377-B1F7-4EC771010753}.Release|Any CPU.Build.0 = Release|Any CPU
	EndGlobalSection
	GlobalSection(SolutionProperties) = preSolution
		HideSolutionNode = FALSE
	EndGlobalSection
	GlobalSection(ExtensibilityGlobals) = postSolution
		SolutionGuid = {55851101-F64B-4849-9917-E82811005CF7}
	EndGlobalSection
EndGlobal
